
Microsoft Visual Studio Solution File, Format Version 11.00
# Visual Basic Express 2010
Project("{F184B08F-C81C-45F6-A57F-5ABD9991F28F}") = "Chapter 5 Test - Carlou Balanag", "Chapter 5 Test - Carlou Balanag\Chapter 5 Test - Carlou Balanag.vbproj", "{998B4CE9-53BB-4ABD-AB27-2B29BCF85E69}"
EndProject
Global
	GlobalSection(SolutionConfigurationPlatforms) = preSolution
		Debug|x86 = Debug|x86
		Release|x86 = Release|x86
	EndGlobalSection
	GlobalSection(ProjectConfigurationPlatforms) = postSolution
		{998B4CE9-53BB-4ABD-AB27-2B29BCF85E69}.Debug|x86.ActiveCfg = Debug|x86
		{998B4CE9-53BB-4ABD-AB27-2B29BCF85E69}.Debug|x86.Build.0 = Debug|x86
		{998B4CE9-53BB-4ABD-AB27-2B29BCF85E69}.Release|x86.ActiveCfg = Release|x86
		{998B4CE9-53BB-4ABD-AB27-2B29BCF85E69}.Release|x86.Build.0 = Release|x86
	EndGlobalSection
	GlobalSection(SolutionProperties) = preSolution
		HideSolutionNode = FALSE
	EndGlobalSection
EndGlobal
