
Microsoft Visual Studio Solution File, Format Version 11.00
# Visual Basic Express 2010
Project("{F184B08F-C81C-45F6-A57F-5ABD9991F28F}") = "Chapter 5 Test - Mindy Nguyen", "Chapter 5 Test - Mindy Nguyen\Chapter 5 Test - Mindy Nguyen.vbproj", "{9C53579A-EB8B-4B66-B746-14C0F9BA30C7}"
EndProject
Global
	GlobalSection(SolutionConfigurationPlatforms) = preSolution
		Debug|x86 = Debug|x86
		Release|x86 = Release|x86
	EndGlobalSection
	GlobalSection(ProjectConfigurationPlatforms) = postSolution
		{9C53579A-EB8B-4B66-B746-14C0F9BA30C7}.Debug|x86.ActiveCfg = Debug|x86
		{9C53579A-EB8B-4B66-B746-14C0F9BA30C7}.Debug|x86.Build.0 = Debug|x86
		{9C53579A-EB8B-4B66-B746-14C0F9BA30C7}.Release|x86.ActiveCfg = Release|x86
		{9C53579A-EB8B-4B66-B746-14C0F9BA30C7}.Release|x86.Build.0 = Release|x86
	EndGlobalSection
	GlobalSection(SolutionProperties) = preSolution
		HideSolutionNode = FALSE
	EndGlobalSection
EndGlobal
