
Microsoft Visual Studio Solution File, Format Version 11.00
# Visual Basic Express 2010
Project("{F184B08F-C81C-45F6-A57F-5ABD9991F28F}") = "chap5 test- Minh Dang", "chap5 test- Minh Dang\chap5 test- Minh Dang.vbproj", "{F61B0992-F7F6-4639-BEAB-866FDD271DBB}"
EndProject
Global
	GlobalSection(SolutionConfigurationPlatforms) = preSolution
		Debug|x86 = Debug|x86
		Release|x86 = Release|x86
	EndGlobalSection
	GlobalSection(ProjectConfigurationPlatforms) = postSolution
		{F61B0992-F7F6-4639-BEAB-866FDD271DBB}.Debug|x86.ActiveCfg = Debug|x86
		{F61B0992-F7F6-4639-BEAB-866FDD271DBB}.Debug|x86.Build.0 = Debug|x86
		{F61B0992-F7F6-4639-BEAB-866FDD271DBB}.Release|x86.ActiveCfg = Release|x86
		{F61B0992-F7F6-4639-BEAB-866FDD271DBB}.Release|x86.Build.0 = Release|x86
	EndGlobalSection
	GlobalSection(SolutionProperties) = preSolution
		HideSolutionNode = FALSE
	EndGlobalSection
EndGlobal
